
Microsoft Visual Studio Solution File, Format Version 12.00
# Visual Studio Version 17
VisualStudioVersion = 17.9.34622.214
MinimumVisualStudioVersion = 10.0.40219.1
Project("{FAE04EC0-301F-11D3-BF4B-00C04F79EFBC}") = "AppEdificiosP.Android", "AppEdificiosP.Android\AppEdificiosP.Android.csproj", "{23A0F70A-B408-43F7-9202-F05807CC6A25}"
EndProject
Project("{FAE04EC0-301F-11D3-BF4B-00C04F79EFBC}") = "AppEdificiosP.iOS", "AppEdificiosP.iOS\AppEdificiosP.iOS.csproj", "{337C6B72-9AE8-47C9-BAF0-0883F69781AB}"
EndProject
Project("{FAE04EC0-301F-11D3-BF4B-00C04F79EFBC}") = "AppEdificiosP", "AppEdificiosP\AppEdificiosP.csproj", "{BE4EFB27-8EB9-441A-92CA-F21EDB156A4A}"
EndProject
Global
	GlobalSection(SolutionConfigurationPlatforms) = preSolution
		Debug|Any CPU = Debug|Any CPU
		Debug|iPhone = Debug|iPhone
		Debug|iPhoneSimulator = Debug|iPhoneSimulator
		Release|Any CPU = Release|Any CPU
		Release|iPhone = Release|iPhone
		Release|iPhoneSimulator = Release|iPhoneSimulator
	EndGlobalSection
	GlobalSection(ProjectConfigurationPlatforms) = postSolution
		{23A0F70A-B408-43F7-9202-F05807CC6A25}.Debug|Any CPU.ActiveCfg = Debug|Any CPU
		{23A0F70A-B408-43F7-9202-F05807CC6A25}.Debug|Any CPU.Build.0 = Debug|Any CPU
		{23A0F70A-B408-43F7-9202-F05807CC6A25}.Debug|Any CPU.Deploy.0 = Debug|Any CPU
		{23A0F70A-B408-43F7-9202-F05807CC6A25}.Debug|iPhone.ActiveCfg = Debug|Any CPU
		{23A0F70A-B408-43F7-9202-F05807CC6A25}.Debug|iPhone.Build.0 = Debug|Any CPU
		{23A0F70A-B408-43F7-9202-F05807CC6A25}.Debug|iPhone.Deploy.0 = Debug|Any CPU
		{23A0F70A-B408-43F7-9202-F05807CC6A25}.Debug|iPhoneSimulator.ActiveCfg = Debug|Any CPU
		{23A0F70A-B408-43F7-9202-F05807CC6A25}.Debug|iPhoneSimulator.Build.0 = Debug|Any CPU
		{23A0F70A-B408-43F7-9202-F05807CC6A25}.Debug|iPhoneSimulator.Deploy.0 = Debug|Any CPU
		{23A0F70A-B408-43F7-9202-F05807CC6A25}.Release|Any CPU.ActiveCfg = Release|Any CPU
		{23A0F70A-B408-43F7-9202-F05807CC6A25}.Release|Any CPU.Build.0 = Release|Any CPU
		{23A0F70A-B408-43F7-9202-F05807CC6A25}.Release|Any CPU.Deploy.0 = Release|Any CPU
		{23A0F70A-B408-43F7-9202-F05807CC6A25}.Release|iPhone.ActiveCfg = Release|Any CPU
		{23A0F70A-B408-43F7-9202-F05807CC6A25}.Release|iPhone.Build.0 = Release|Any CPU
		{23A0F70A-B408-43F7-9202-F05807CC6A25}.Release|iPhone.Deploy.0 = Release|Any CPU
		{23A0F70A-B408-43F7-9202-F05807CC6A25}.Release|iPhoneSimulator.ActiveCfg = Release|Any CPU
		{23A0F70A-B408-43F7-9202-F05807CC6A25}.Release|iPhoneSimulator.Build.0 = Release|Any CPU
		{23A0F70A-B408-43F7-9202-F05807CC6A25}.Release|iPhoneSimulator.Deploy.0 = Release|Any CPU
		{337C6B72-9AE8-47C9-BAF0-0883F69781AB}.Debug|Any CPU.ActiveCfg = Debug|iPhone
		{337C6B72-9AE8-47C9-BAF0-0883F69781AB}.Debug|Any CPU.Build.0 = Debug|iPhone
		{337C6B72-9AE8-47C9-BAF0-0883F69781AB}.Debug|Any CPU.Deploy.0 = Debug|iPhone
		{337C6B72-9AE8-47C9-BAF0-0883F69781AB}.Debug|iPhone.ActiveCfg = Debug|iPhone
		{337C6B72-9AE8-47C9-BAF0-0883F69781AB}.Debug|iPhone.Build.0 = Debug|iPhone
		{337C6B72-9AE8-47C9-BAF0-0883F69781AB}.Debug|iPhone.Deploy.0 = Debug|iPhone
		{337C6B72-9AE8-47C9-BAF0-0883F69781AB}.Debug|iPhoneSimulator.ActiveCfg = Debug|iPhoneSimulator
		{337C6B72-9AE8-47C9-BAF0-0883F69781AB}.Debug|iPhoneSimulator.Build.0 = Debug|iPhoneSimulator
		{337C6B72-9AE8-47C9-BAF0-0883F69781AB}.Debug|iPhoneSimulator.Deploy.0 = Debug|iPhoneSimulator
		{337C6B72-9AE8-47C9-BAF0-0883F69781AB}.Release|Any CPU.ActiveCfg = Release|iPhoneSimulator
		{337C6B72-9AE8-47C9-BAF0-0883F69781AB}.Release|Any CPU.Build.0 = Release|iPhoneSimulator
		{337C6B72-9AE8-47C9-BAF0-0883F69781AB}.Release|Any CPU.Deploy.0 = Release|iPhoneSimulator
		{337C6B72-9AE8-47C9-BAF0-0883F69781AB}.Release|iPhone.ActiveCfg = Release|iPhone
		{337C6B72-9AE8-47C9-BAF0-0883F69781AB}.Release|iPhone.Build.0 = Release|iPhone
		{337C6B72-9AE8-47C9-BAF0-0883F69781AB}.Release|iPhone.Deploy.0 = Release|iPhone
		{337C6B72-9AE8-47C9-BAF0-0883F69781AB}.Release|iPhoneSimulator.ActiveCfg = Release|iPhoneSimulator
		{337C6B72-9AE8-47C9-BAF0-0883F69781AB}.Release|iPhoneSimulator.Build.0 = Release|iPhoneSimulator
		{337C6B72-9AE8-47C9-BAF0-0883F69781AB}.Release|iPhoneSimulator.Deploy.0 = Release|iPhoneSimulator
		{BE4EFB27-8EB9-441A-92CA-F21EDB156A4A}.Debug|Any CPU.ActiveCfg = Debug|Any CPU
		{BE4EFB27-8EB9-441A-92CA-F21EDB156A4A}.Debug|Any CPU.Build.0 = Debug|Any CPU
		{BE4EFB27-8EB9-441A-92CA-F21EDB156A4A}.Debug|Any CPU.Deploy.0 = Debug|Any CPU
		{BE4EFB27-8EB9-441A-92CA-F21EDB156A4A}.Debug|iPhone.ActiveCfg = Debug|Any CPU
		{BE4EFB27-8EB9-441A-92CA-F21EDB156A4A}.Debug|iPhone.Build.0 = Debug|Any CPU
		{BE4EFB27-8EB9-441A-92CA-F21EDB156A4A}.Debug|iPhone.Deploy.0 = Debug|Any CPU
		{BE4EFB27-8EB9-441A-92CA-F21EDB156A4A}.Debug|iPhoneSimulator.ActiveCfg = Debug|Any CPU
		{BE4EFB27-8EB9-441A-92CA-F21EDB156A4A}.Debug|iPhoneSimulator.Build.0 = Debug|Any CPU
		{BE4EFB27-8EB9-441A-92CA-F21EDB156A4A}.Debug|iPhoneSimulator.Deploy.0 = Debug|Any CPU
		{BE4EFB27-8EB9-441A-92CA-F21EDB156A4A}.Release|Any CPU.ActiveCfg = Release|Any CPU
		{BE4EFB27-8EB9-441A-92CA-F21EDB156A4A}.Release|Any CPU.Build.0 = Release|Any CPU
		{BE4EFB27-8EB9-441A-92CA-F21EDB156A4A}.Release|Any CPU.Deploy.0 = Release|Any CPU
		{BE4EFB27-8EB9-441A-92CA-F21EDB156A4A}.Release|iPhone.ActiveCfg = Release|Any CPU
		{BE4EFB27-8EB9-441A-92CA-F21EDB156A4A}.Release|iPhone.Build.0 = Release|Any CPU
		{BE4EFB27-8EB9-441A-92CA-F21EDB156A4A}.Release|iPhone.Deploy.0 = Release|Any CPU
		{BE4EFB27-8EB9-441A-92CA-F21EDB156A4A}.Release|iPhoneSimulator.ActiveCfg = Release|Any CPU
		{BE4EFB27-8EB9-441A-92CA-F21EDB156A4A}.Release|iPhoneSimulator.Build.0 = Release|Any CPU
		{BE4EFB27-8EB9-441A-92CA-F21EDB156A4A}.Release|iPhoneSimulator.Deploy.0 = Release|Any CPU
	EndGlobalSection
	GlobalSection(SolutionProperties) = preSolution
		HideSolutionNode = FALSE
	EndGlobalSection
	GlobalSection(ExtensibilityGlobals) = postSolution
		SolutionGuid = {ED4DA154-831A-4766-ACA1-22F3596F1EED}
	EndGlobalSection
EndGlobal
